
Microsoft Visual Studio Solution File, Format Version 12.00
# Visual Studio Version 16
VisualStudioVersion = 16.0.31025.194
MinimumVisualStudioVersion = 10.0.40219.1
Project("{2150E333-8FDC-42A3-9474-1A3956D46DE8}") = "Services", "Services", "{9D4B4FD3-53A1-4D0F-9A85-3EB894714FBB}"
EndProject
Project("{2150E333-8FDC-42A3-9474-1A3956D46DE8}") = "Catalog", "Catalog", "{C01E01EB-2FE7-4371-AF13-1A4DB3DB01D7}"
EndProject
Project("{9A19103F-16F7-4668-BE54-9A1E7A4F7556}") = "Catalog.API", "Services\Catalog\Catalog.API\Catalog.API.csproj", "{7EE9F835-8BA2-4B3F-8CF2-9E5FC4390184}"
EndProject
Project("{E53339B2-1760-4266-BCC7-CA923CBCF16C}") = "docker-compose", "docker-compose.dcproj", "{5DB5F270-70D2-445B-98E4-640E4E9C70D4}"
EndProject
Project("{2150E333-8FDC-42A3-9474-1A3956D46DE8}") = "Basket", "Basket", "{BB0CB695-40F9-4B10-A8CB-E1907FAEE86E}"
EndProject
Project("{9A19103F-16F7-4668-BE54-9A1E7A4F7556}") = "Basket.API", "Services\Basket\Basket.API\Basket.API.csproj", "{51801D78-4F1D-4AF2-87F8-03755C5446F0}"
EndProject
Project("{2150E333-8FDC-42A3-9474-1A3956D46DE8}") = "Discount", "Discount", "{3B29FB91-0CD4-48A7-B79C-3DDF020642EE}"
EndProject
Project("{9A19103F-16F7-4668-BE54-9A1E7A4F7556}") = "Discount.API", "Services\Discount\Discount.API\Discount.API.csproj", "{A15E13FD-5ACC-48D0-9190-96438E0B677D}"
EndProject
Project("{9A19103F-16F7-4668-BE54-9A1E7A4F7556}") = "Discount.Grpc", "Services\Discount\Discount.Grpc\Discount.Grpc.csproj", "{A29A0505-0C89-422A-9BD6-1978DAA1732B}"
EndProject
Project("{2150E333-8FDC-42A3-9474-1A3956D46DE8}") = "Ordering", "Ordering", "{9C6E5EED-D037-48D2-9198-4684AC418920}"
EndProject
Project("{9A19103F-16F7-4668-BE54-9A1E7A4F7556}") = "Ordering.API", "Services\Ordering\Ordering.API\Ordering.API.csproj", "{19E49B5F-902E-478D-ABDA-9A52B61C306A}"
EndProject
Project("{9A19103F-16F7-4668-BE54-9A1E7A4F7556}") = "Ordering.Domain", "Services\Ordering\Ordering.Domain\Ordering.Domain.csproj", "{100E540C-B133-4FFE-B05C-7808DFED8046}"
EndProject
Project("{9A19103F-16F7-4668-BE54-9A1E7A4F7556}") = "Ordering.Application", "Services\Ordering\Ordering.Application\Ordering.Application.csproj", "{0B0D07F6-695A-4FE5-842B-F8F81F878064}"
EndProject
Project("{9A19103F-16F7-4668-BE54-9A1E7A4F7556}") = "Ordering.Infrastructure", "Services\Ordering\Ordering.Infrastructure\Ordering.Infrastructure.csproj", "{7CB9E23A-87BD-46BF-8B89-BFEFB9BF0F44}"
EndProject
Project("{2150E333-8FDC-42A3-9474-1A3956D46DE8}") = "BuildingBlocks", "BuildingBlocks", "{51BC58EA-9822-409F-B0BA-514E3304CFBB}"
EndProject
Project("{FAE04EC0-301F-11D3-BF4B-00C04F79EFBC}") = "EventBus.Messages", "BuildingBlocks\EventBus.Messages\EventBus.Messages.csproj", "{C2174A28-6A11-404E-B4D7-0A29B08DF174}"
EndProject
Global
	GlobalSection(SolutionConfigurationPlatforms) = preSolution
		Debug|Any CPU = Debug|Any CPU
		Release|Any CPU = Release|Any CPU
	EndGlobalSection
	GlobalSection(ProjectConfigurationPlatforms) = postSolution
		{7EE9F835-8BA2-4B3F-8CF2-9E5FC4390184}.Debug|Any CPU.ActiveCfg = Debug|Any CPU
		{7EE9F835-8BA2-4B3F-8CF2-9E5FC4390184}.Debug|Any CPU.Build.0 = Debug|Any CPU
		{7EE9F835-8BA2-4B3F-8CF2-9E5FC4390184}.Release|Any CPU.ActiveCfg = Release|Any CPU
		{7EE9F835-8BA2-4B3F-8CF2-9E5FC4390184}.Release|Any CPU.Build.0 = Release|Any CPU
		{5DB5F270-70D2-445B-98E4-640E4E9C70D4}.Debug|Any CPU.ActiveCfg = Debug|Any CPU
		{5DB5F270-70D2-445B-98E4-640E4E9C70D4}.Debug|Any CPU.Build.0 = Debug|Any CPU
		{5DB5F270-70D2-445B-98E4-640E4E9C70D4}.Release|Any CPU.ActiveCfg = Release|Any CPU
		{5DB5F270-70D2-445B-98E4-640E4E9C70D4}.Release|Any CPU.Build.0 = Release|Any CPU
		{51801D78-4F1D-4AF2-87F8-03755C5446F0}.Debug|Any CPU.ActiveCfg = Debug|Any CPU
		{51801D78-4F1D-4AF2-87F8-03755C5446F0}.Debug|Any CPU.Build.0 = Debug|Any CPU
		{51801D78-4F1D-4AF2-87F8-03755C5446F0}.Release|Any CPU.ActiveCfg = Release|Any CPU
		{51801D78-4F1D-4AF2-87F8-03755C5446F0}.Release|Any CPU.Build.0 = Release|Any CPU
		{A15E13FD-5ACC-48D0-9190-96438E0B677D}.Debug|Any CPU.ActiveCfg = Debug|Any CPU
		{A15E13FD-5ACC-48D0-9190-96438E0B677D}.Debug|Any CPU.Build.0 = Debug|Any CPU
		{A15E13FD-5ACC-48D0-9190-96438E0B677D}.Release|Any CPU.ActiveCfg = Release|Any CPU
		{A15E13FD-5ACC-48D0-9190-96438E0B677D}.Release|Any CPU.Build.0 = Release|Any CPU
		{A29A0505-0C89-422A-9BD6-1978DAA1732B}.Debug|Any CPU.ActiveCfg = Debug|Any CPU
		{A29A0505-0C89-422A-9BD6-1978DAA1732B}.Debug|Any CPU.Build.0 = Debug|Any CPU
		{A29A0505-0C89-422A-9BD6-1978DAA1732B}.Release|Any CPU.ActiveCfg = Release|Any CPU
		{A29A0505-0C89-422A-9BD6-1978DAA1732B}.Release|Any CPU.Build.0 = Release|Any CPU
		{19E49B5F-902E-478D-ABDA-9A52B61C306A}.Debug|Any CPU.ActiveCfg = Debug|Any CPU
		{19E49B5F-902E-478D-ABDA-9A52B61C306A}.Debug|Any CPU.Build.0 = Debug|Any CPU
		{19E49B5F-902E-478D-ABDA-9A52B61C306A}.Release|Any CPU.ActiveCfg = Release|Any CPU
		{19E49B5F-902E-478D-ABDA-9A52B61C306A}.Release|Any CPU.Build.0 = Release|Any CPU
		{100E540C-B133-4FFE-B05C-7808DFED8046}.Debug|Any CPU.ActiveCfg = Debug|Any CPU
		{100E540C-B133-4FFE-B05C-7808DFED8046}.Debug|Any CPU.Build.0 = Debug|Any CPU
		{100E540C-B133-4FFE-B05C-7808DFED8046}.Release|Any CPU.ActiveCfg = Release|Any CPU
		{100E540C-B133-4FFE-B05C-7808DFED8046}.Release|Any CPU.Build.0 = Release|Any CPU
		{0B0D07F6-695A-4FE5-842B-F8F81F878064}.Debug|Any CPU.ActiveCfg = Debug|Any CPU
		{0B0D07F6-695A-4FE5-842B-F8F81F878064}.Debug|Any CPU.Build.0 = Debug|Any CPU
		{0B0D07F6-695A-4FE5-842B-F8F81F878064}.Release|Any CPU.ActiveCfg = Release|Any CPU
		{0B0D07F6-695A-4FE5-842B-F8F81F878064}.Release|Any CPU.Build.0 = Release|Any CPU
		{7CB9E23A-87BD-46BF-8B89-BFEFB9BF0F44}.Debug|Any CPU.ActiveCfg = Debug|Any CPU
		{7CB9E23A-87BD-46BF-8B89-BFEFB9BF0F44}.Debug|Any CPU.Build.0 = Debug|Any CPU
		{7CB9E23A-87BD-46BF-8B89-BFEFB9BF0F44}.Release|Any CPU.ActiveCfg = Release|Any CPU
		{7CB9E23A-87BD-46BF-8B89-BFEFB9BF0F44}.Release|Any CPU.Build.0 = Release|Any CPU
		{C2174A28-6A11-404E-B4D7-0A29B08DF174}.Debug|Any CPU.ActiveCfg = Debug|Any CPU
		{C2174A28-6A11-404E-B4D7-0A29B08DF174}.Debug|Any CPU.Build.0 = Debug|Any CPU
		{C2174A28-6A11-404E-B4D7-0A29B08DF174}.Release|Any CPU.ActiveCfg = Release|Any CPU
		{C2174A28-6A11-404E-B4D7-0A29B08DF174}.Release|Any CPU.Build.0 = Release|Any CPU
	EndGlobalSection
	GlobalSection(SolutionProperties) = preSolution
		HideSolutionNode = FALSE
	EndGlobalSection
	GlobalSection(NestedProjects) = preSolution
		{C01E01EB-2FE7-4371-AF13-1A4DB3DB01D7} = {9D4B4FD3-53A1-4D0F-9A85-3EB894714FBB}
		{7EE9F835-8BA2-4B3F-8CF2-9E5FC4390184} = {C01E01EB-2FE7-4371-AF13-1A4DB3DB01D7}
		{BB0CB695-40F9-4B10-A8CB-E1907FAEE86E} = {9D4B4FD3-53A1-4D0F-9A85-3EB894714FBB}
		{51801D78-4F1D-4AF2-87F8-03755C5446F0} = {BB0CB695-40F9-4B10-A8CB-E1907FAEE86E}
		{3B29FB91-0CD4-48A7-B79C-3DDF020642EE} = {9D4B4FD3-53A1-4D0F-9A85-3EB894714FBB}
		{A15E13FD-5ACC-48D0-9190-96438E0B677D} = {3B29FB91-0CD4-48A7-B79C-3DDF020642EE}
		{A29A0505-0C89-422A-9BD6-1978DAA1732B} = {3B29FB91-0CD4-48A7-B79C-3DDF020642EE}
		{9C6E5EED-D037-48D2-9198-4684AC418920} = {9D4B4FD3-53A1-4D0F-9A85-3EB894714FBB}
		{19E49B5F-902E-478D-ABDA-9A52B61C306A} = {9C6E5EED-D037-48D2-9198-4684AC418920}
		{100E540C-B133-4FFE-B05C-7808DFED8046} = {9C6E5EED-D037-48D2-9198-4684AC418920}
		{0B0D07F6-695A-4FE5-842B-F8F81F878064} = {9C6E5EED-D037-48D2-9198-4684AC418920}
		{7CB9E23A-87BD-46BF-8B89-BFEFB9BF0F44} = {9C6E5EED-D037-48D2-9198-4684AC418920}
		{C2174A28-6A11-404E-B4D7-0A29B08DF174} = {51BC58EA-9822-409F-B0BA-514E3304CFBB}
	EndGlobalSection
	GlobalSection(ExtensibilityGlobals) = postSolution
		SolutionGuid = {80B92C06-E4C7-43E9-9032-440D1B3ECFD6}
	EndGlobalSection
EndGlobal
