
Microsoft Visual Studio Solution File, Format Version 12.00
# Visual Studio Version 16
VisualStudioVersion = 16.0.31025.194
MinimumVisualStudioVersion = 10.0.40219.1
Project("{2150E333-8FDC-42A3-9474-1A3956D46DE8}") = "Services", "Services", "{9D4B4FD3-53A1-4D0F-9A85-3EB894714FBB}"
EndProject
Project("{2150E333-8FDC-42A3-9474-1A3956D46DE8}") = "Catalog", "Catalog", "{C01E01EB-2FE7-4371-AF13-1A4DB3DB01D7}"
EndProject
Project("{9A19103F-16F7-4668-BE54-9A1E7A4F7556}") = "Catalog.API", "Services\Catalog\Catalog.API\Catalog.API.csproj", "{7EE9F835-8BA2-4B3F-8CF2-9E5FC4390184}"
EndProject
Project("{E53339B2-1760-4266-BCC7-CA923CBCF16C}") = "docker-compose", "docker-compose.dcproj", "{5DB5F270-70D2-445B-98E4-640E4E9C70D4}"
EndProject
Project("{2150E333-8FDC-42A3-9474-1A3956D46DE8}") = "Basket", "Basket", "{BB0CB695-40F9-4B10-A8CB-E1907FAEE86E}"
EndProject
Project("{9A19103F-16F7-4668-BE54-9A1E7A4F7556}") = "Basket.API", "Services\Basket\Basket.API\Basket.API.csproj", "{51801D78-4F1D-4AF2-87F8-03755C5446F0}"
EndProject
Project("{2150E333-8FDC-42A3-9474-1A3956D46DE8}") = "Discount", "Discount", "{3B29FB91-0CD4-48A7-B79C-3DDF020642EE}"
EndProject
Project("{FAE04EC0-301F-11D3-BF4B-00C04F79EFBC}") = "Discount.API", "Services\Discount\Discount.API\Discount.API.csproj", "{A15E13FD-5ACC-48D0-9190-96438E0B677D}"
EndProject
Global
	GlobalSection(SolutionConfigurationPlatforms) = preSolution
		Debug|Any CPU = Debug|Any CPU
		Release|Any CPU = Release|Any CPU
	EndGlobalSection
	GlobalSection(ProjectConfigurationPlatforms) = postSolution
		{7EE9F835-8BA2-4B3F-8CF2-9E5FC4390184}.Debug|Any CPU.ActiveCfg = Debug|Any CPU
		{7EE9F835-8BA2-4B3F-8CF2-9E5FC4390184}.Debug|Any CPU.Build.0 = Debug|Any CPU
		{7EE9F835-8BA2-4B3F-8CF2-9E5FC4390184}.Release|Any CPU.ActiveCfg = Release|Any CPU
		{7EE9F835-8BA2-4B3F-8CF2-9E5FC4390184}.Release|Any CPU.Build.0 = Release|Any CPU
		{5DB5F270-70D2-445B-98E4-640E4E9C70D4}.Debug|Any CPU.ActiveCfg = Debug|Any CPU
		{5DB5F270-70D2-445B-98E4-640E4E9C70D4}.Debug|Any CPU.Build.0 = Debug|Any CPU
		{5DB5F270-70D2-445B-98E4-640E4E9C70D4}.Release|Any CPU.ActiveCfg = Release|Any CPU
		{5DB5F270-70D2-445B-98E4-640E4E9C70D4}.Release|Any CPU.Build.0 = Release|Any CPU
		{51801D78-4F1D-4AF2-87F8-03755C5446F0}.Debug|Any CPU.ActiveCfg = Debug|Any CPU
		{51801D78-4F1D-4AF2-87F8-03755C5446F0}.Debug|Any CPU.Build.0 = Debug|Any CPU
		{51801D78-4F1D-4AF2-87F8-03755C5446F0}.Release|Any CPU.ActiveCfg = Release|Any CPU
		{51801D78-4F1D-4AF2-87F8-03755C5446F0}.Release|Any CPU.Build.0 = Release|Any CPU
		{A15E13FD-5ACC-48D0-9190-96438E0B677D}.Debug|Any CPU.ActiveCfg = Debug|Any CPU
		{A15E13FD-5ACC-48D0-9190-96438E0B677D}.Debug|Any CPU.Build.0 = Debug|Any CPU
		{A15E13FD-5ACC-48D0-9190-96438E0B677D}.Release|Any CPU.ActiveCfg = Release|Any CPU
		{A15E13FD-5ACC-48D0-9190-96438E0B677D}.Release|Any CPU.Build.0 = Release|Any CPU
	EndGlobalSection
	GlobalSection(SolutionProperties) = preSolution
		HideSolutionNode = FALSE
	EndGlobalSection
	GlobalSection(NestedProjects) = preSolution
		{C01E01EB-2FE7-4371-AF13-1A4DB3DB01D7} = {9D4B4FD3-53A1-4D0F-9A85-3EB894714FBB}
		{7EE9F835-8BA2-4B3F-8CF2-9E5FC4390184} = {C01E01EB-2FE7-4371-AF13-1A4DB3DB01D7}
		{BB0CB695-40F9-4B10-A8CB-E1907FAEE86E} = {9D4B4FD3-53A1-4D0F-9A85-3EB894714FBB}
		{51801D78-4F1D-4AF2-87F8-03755C5446F0} = {BB0CB695-40F9-4B10-A8CB-E1907FAEE86E}
		{3B29FB91-0CD4-48A7-B79C-3DDF020642EE} = {9D4B4FD3-53A1-4D0F-9A85-3EB894714FBB}
		{A15E13FD-5ACC-48D0-9190-96438E0B677D} = {3B29FB91-0CD4-48A7-B79C-3DDF020642EE}
	EndGlobalSection
	GlobalSection(ExtensibilityGlobals) = postSolution
		SolutionGuid = {80B92C06-E4C7-43E9-9032-440D1B3ECFD6}
	EndGlobalSection
EndGlobal
